
Microsoft Visual Studio Solution File, Format Version 12.00
# Visual Studio 15
VisualStudioVersion = 15.0.28307.1209
MinimumVisualStudioVersion = 10.0.40219.1
Project("{FAE04EC0-301F-11D3-BF4B-00C04F79EFBC}") = "Employee.API", "Employee.API\Employee.API.csproj", "{0DA6F44D-E2FE-443D-8FC0-1A6921F0D705}"
EndProject
Project("{FAE04EC0-301F-11D3-BF4B-00C04F79EFBC}") = "Employee.Models", "Employee.Models\Employee.Models.csproj", "{2821414C-41E1-4A9E-AFA6-66AED3499E9A}"
EndProject
Project("{FAE04EC0-301F-11D3-BF4B-00C04F79EFBC}") = "Employee.Repository", "Employee.Repository\Employee.Repository.csproj", "{24C777F7-4028-451A-B7F3-507A9806591F}"
EndProject
Global
	GlobalSection(SolutionConfigurationPlatforms) = preSolution
		Debug|Any CPU = Debug|Any CPU
		Release|Any CPU = Release|Any CPU
	EndGlobalSection
	GlobalSection(ProjectConfigurationPlatforms) = postSolution
		{0DA6F44D-E2FE-443D-8FC0-1A6921F0D705}.Debug|Any CPU.ActiveCfg = Debug|Any CPU
		{0DA6F44D-E2FE-443D-8FC0-1A6921F0D705}.Debug|Any CPU.Build.0 = Debug|Any CPU
		{0DA6F44D-E2FE-443D-8FC0-1A6921F0D705}.Release|Any CPU.ActiveCfg = Release|Any CPU
		{0DA6F44D-E2FE-443D-8FC0-1A6921F0D705}.Release|Any CPU.Build.0 = Release|Any CPU
		{2821414C-41E1-4A9E-AFA6-66AED3499E9A}.Debug|Any CPU.ActiveCfg = Debug|Any CPU
		{2821414C-41E1-4A9E-AFA6-66AED3499E9A}.Debug|Any CPU.Build.0 = Debug|Any CPU
		{2821414C-41E1-4A9E-AFA6-66AED3499E9A}.Release|Any CPU.ActiveCfg = Release|Any CPU
		{2821414C-41E1-4A9E-AFA6-66AED3499E9A}.Release|Any CPU.Build.0 = Release|Any CPU
		{24C777F7-4028-451A-B7F3-507A9806591F}.Debug|Any CPU.ActiveCfg = Debug|Any CPU
		{24C777F7-4028-451A-B7F3-507A9806591F}.Debug|Any CPU.Build.0 = Debug|Any CPU
		{24C777F7-4028-451A-B7F3-507A9806591F}.Release|Any CPU.ActiveCfg = Release|Any CPU
		{24C777F7-4028-451A-B7F3-507A9806591F}.Release|Any CPU.Build.0 = Release|Any CPU
	EndGlobalSection
	GlobalSection(SolutionProperties) = preSolution
		HideSolutionNode = FALSE
	EndGlobalSection
	GlobalSection(ExtensibilityGlobals) = postSolution
		SolutionGuid = {EC43D4BD-08A3-4279-974B-9DF0AC30C3F6}
	EndGlobalSection
EndGlobal
